
Microsoft Visual Studio Solution File, Format Version 12.00
# Visual Studio 15
VisualStudioVersion = 15.0.28307.489
MinimumVisualStudioVersion = 10.0.40219.1
Project("{9A19103F-16F7-4668-BE54-9A1E7A4F7556}") = "BotFramework", "BotFramework\BotFramework.csproj", "{FB7959F0-3070-4126-AF96-41D079665CE0}"
EndProject
Project("{FAE04EC0-301F-11D3-BF4B-00C04F79EFBC}") = "FunctionAppTest", "FunctionAppTest\FunctionAppTest.csproj", "{81CB16FA-F57C-4A63-A7E7-5B031DCA28DB}"
EndProject
Project("{FAE04EC0-301F-11D3-BF4B-00C04F79EFBC}") = "QueueOrderCmd", "QueueOrderCmd\QueueOrderCmd.csproj", "{D5242667-E436-4F37-9C85-4C234E9DEA7B}"
EndProject
Global
	GlobalSection(SolutionConfigurationPlatforms) = preSolution
		Debug|Any CPU = Debug|Any CPU
		Release|Any CPU = Release|Any CPU
	EndGlobalSection
	GlobalSection(ProjectConfigurationPlatforms) = postSolution
		{FB7959F0-3070-4126-AF96-41D079665CE0}.Debug|Any CPU.ActiveCfg = Debug|Any CPU
		{FB7959F0-3070-4126-AF96-41D079665CE0}.Debug|Any CPU.Build.0 = Debug|Any CPU
		{FB7959F0-3070-4126-AF96-41D079665CE0}.Release|Any CPU.ActiveCfg = Release|Any CPU
		{FB7959F0-3070-4126-AF96-41D079665CE0}.Release|Any CPU.Build.0 = Release|Any CPU
		{81CB16FA-F57C-4A63-A7E7-5B031DCA28DB}.Debug|Any CPU.ActiveCfg = Debug|Any CPU
		{81CB16FA-F57C-4A63-A7E7-5B031DCA28DB}.Debug|Any CPU.Build.0 = Debug|Any CPU
		{81CB16FA-F57C-4A63-A7E7-5B031DCA28DB}.Release|Any CPU.ActiveCfg = Release|Any CPU
		{81CB16FA-F57C-4A63-A7E7-5B031DCA28DB}.Release|Any CPU.Build.0 = Release|Any CPU
		{D5242667-E436-4F37-9C85-4C234E9DEA7B}.Debug|Any CPU.ActiveCfg = Debug|Any CPU
		{D5242667-E436-4F37-9C85-4C234E9DEA7B}.Debug|Any CPU.Build.0 = Debug|Any CPU
		{D5242667-E436-4F37-9C85-4C234E9DEA7B}.Release|Any CPU.ActiveCfg = Release|Any CPU
		{D5242667-E436-4F37-9C85-4C234E9DEA7B}.Release|Any CPU.Build.0 = Release|Any CPU
	EndGlobalSection
	GlobalSection(SolutionProperties) = preSolution
		HideSolutionNode = FALSE
	EndGlobalSection
	GlobalSection(ExtensibilityGlobals) = postSolution
		SolutionGuid = {6685373A-1A14-4895-9863-893353A33586}
	EndGlobalSection
EndGlobal
